
Microsoft Visual Studio Solution File, Format Version 12.00
# Visual Studio Version 17
VisualStudioVersion = 17.1.32228.430
MinimumVisualStudioVersion = 10.0.40219.1
Project("{FAE04EC0-301F-11D3-BF4B-00C04F79EFBC}") = "SuperHeroAPI", "SuperHeroAPI\SuperHeroAPI.csproj", "{51A169A3-39A1-4C1D-BE4B-0F681B9140D5}"
EndProject
Global
	GlobalSection(SolutionConfigurationPlatforms) = preSolution
		Debug|Any CPU = Debug|Any CPU
		Release|Any CPU = Release|Any CPU
	EndGlobalSection
	GlobalSection(ProjectConfigurationPlatforms) = postSolution
		{51A169A3-39A1-4C1D-BE4B-0F681B9140D5}.Debug|Any CPU.ActiveCfg = Debug|Any CPU
		{51A169A3-39A1-4C1D-BE4B-0F681B9140D5}.Debug|Any CPU.Build.0 = Debug|Any CPU
		{51A169A3-39A1-4C1D-BE4B-0F681B9140D5}.Release|Any CPU.ActiveCfg = Release|Any CPU
		{51A169A3-39A1-4C1D-BE4B-0F681B9140D5}.Release|Any CPU.Build.0 = Release|Any CPU
	EndGlobalSection
	GlobalSection(SolutionProperties) = preSolution
		HideSolutionNode = FALSE
	EndGlobalSection
	GlobalSection(ExtensibilityGlobals) = postSolution
		SolutionGuid = {A84FA3F8-2008-4689-BB31-2B2B6EEE2C1B}
	EndGlobalSection
EndGlobal
